PODS:
  - Alamofire (4.9.1)
  - moa (11.0.1)

DEPENDENCIES:
  - Alamofire
  - moa

SPEC REPOS:
  trunk:
    - Alamofire
    - moa

SPEC CHECKSUMS:
  Alamofire: 85e8a02c69d6020a0d734f6054870d7ecb75cf18
  moa: a26c4e97c7ac9345e87c4bb999e85116c8ec0310

PODFILE CHECKSUM: 750a10b9ed41f38341ff573486c39cbd67a11216

COCOAPODS: 1.8.3
